
Microsoft Visual Studio Solution File, Format Version 12.00
# Visual Studio 14
VisualStudioVersion = 14.0.25420.1
MinimumVisualStudioVersion = 10.0.40219.1
Project("{8BC9CEB8-8B4A-11D0-8D11-00A0C91BC942}") = "doomgeneric", "doomgeneric\doomgeneric.vcxproj", "{95A126D2-CC94-4840-BF05-80305041B5FB}"
EndProject
Global
	GlobalSection(SolutionConfigurationPlatforms) = preSolution
		Debug|ORBIS = Debug|ORBIS
		Debug|PSVita = Debug|PSVita
		Debug|x64 = Debug|x64
		Debug|x86 = Debug|x86
		Release|ORBIS = Release|ORBIS
		Release|PSVita = Release|PSVita
		Release|x64 = Release|x64
		Release|x86 = Release|x86
	EndGlobalSection
	GlobalSection(ProjectConfigurationPlatforms) = postSolution
		{95A126D2-CC94-4840-BF05-80305041B5FB}.Debug|ORBIS.ActiveCfg = Debug|ORBIS
		{95A126D2-CC94-4840-BF05-80305041B5FB}.Debug|ORBIS.Build.0 = Debug|ORBIS
		{95A126D2-CC94-4840-BF05-80305041B5FB}.Debug|PSVita.ActiveCfg = Debug|PSVita
		{95A126D2-CC94-4840-BF05-80305041B5FB}.Debug|PSVita.Build.0 = Debug|PSVita
		{95A126D2-CC94-4840-BF05-80305041B5FB}.Debug|x64.ActiveCfg = Debug|x64
		{95A126D2-CC94-4840-BF05-80305041B5FB}.Debug|x64.Build.0 = Debug|x64
		{95A126D2-CC94-4840-BF05-80305041B5FB}.Debug|x86.ActiveCfg = Debug|Win32
		{95A126D2-CC94-4840-BF05-80305041B5FB}.Debug|x86.Build.0 = Debug|Win32
		{95A126D2-CC94-4840-BF05-80305041B5FB}.Release|ORBIS.ActiveCfg = Release|ORBIS
		{95A126D2-CC94-4840-BF05-80305041B5FB}.Release|ORBIS.Build.0 = Release|ORBIS
		{95A126D2-CC94-4840-BF05-80305041B5FB}.Release|PSVita.ActiveCfg = Release|PSVita
		{95A126D2-CC94-4840-BF05-80305041B5FB}.Release|PSVita.Build.0 = Release|PSVita
		{95A126D2-CC94-4840-BF05-80305041B5FB}.Release|x64.ActiveCfg = Release|x64
		{95A126D2-CC94-4840-BF05-80305041B5FB}.Release|x64.Build.0 = Release|x64
		{95A126D2-CC94-4840-BF05-80305041B5FB}.Release|x86.ActiveCfg = Release|Win32
		{95A126D2-CC94-4840-BF05-80305041B5FB}.Release|x86.Build.0 = Release|Win32
	EndGlobalSection
	GlobalSection(SolutionProperties) = preSolution
		HideSolutionNode = FALSE
	EndGlobalSection
	GlobalSection(ExtensibilityGlobals) = postSolution
		SolutionGuid = {E444537A-F1DB-44A6-8720-C7DC7BB2C74A}
	EndGlobalSection
EndGlobal
